
Microsoft Visual Studio Solution File, Format Version 12.00
# Visual Studio 15
VisualStudioVersion = 15.0.28307.136
MinimumVisualStudioVersion = 10.0.40219.1
Project("{FAE04EC0-301F-11D3-BF4B-00C04F79EFBC}") = "ClothBazar.Web", "ClothBazar.Web\ClothBazar.Web.csproj", "{337D9420-5F71-4B1C-AC09-AE29920AC6D8}"
EndProject
Project("{FAE04EC0-301F-11D3-BF4B-00C04F79EFBC}") = "ClothBazar.Entities", "ClothBazar.Entities\ClothBazar.Entities.csproj", "{C9B9D7D1-2F24-4A10-AA3E-BCAC7ADB1F41}"
EndProject
Project("{FAE04EC0-301F-11D3-BF4B-00C04F79EFBC}") = "ClothBazar.Database", "ClothBazar.Database\ClothBazar.Database.csproj", "{BA72067B-7F44-4C9A-9095-1ACC2594366B}"
EndProject
Project("{FAE04EC0-301F-11D3-BF4B-00C04F79EFBC}") = "ClothBazar.Services", "ClothBazar.Services\ClothBazar.Services.csproj", "{13283847-259C-4D24-B2A2-C151F0804627}"
EndProject
Global
	GlobalSection(SolutionConfigurationPlatforms) = preSolution
		Debug|Any CPU = Debug|Any CPU
		Release|Any CPU = Release|Any CPU
	EndGlobalSection
	GlobalSection(ProjectConfigurationPlatforms) = postSolution
		{337D9420-5F71-4B1C-AC09-AE29920AC6D8}.Debug|Any CPU.ActiveCfg = Debug|Any CPU
		{337D9420-5F71-4B1C-AC09-AE29920AC6D8}.Debug|Any CPU.Build.0 = Debug|Any CPU
		{337D9420-5F71-4B1C-AC09-AE29920AC6D8}.Release|Any CPU.ActiveCfg = Release|Any CPU
		{337D9420-5F71-4B1C-AC09-AE29920AC6D8}.Release|Any CPU.Build.0 = Release|Any CPU
		{C9B9D7D1-2F24-4A10-AA3E-BCAC7ADB1F41}.Debug|Any CPU.ActiveCfg = Debug|Any CPU
		{C9B9D7D1-2F24-4A10-AA3E-BCAC7ADB1F41}.Debug|Any CPU.Build.0 = Debug|Any CPU
		{C9B9D7D1-2F24-4A10-AA3E-BCAC7ADB1F41}.Release|Any CPU.ActiveCfg = Release|Any CPU
		{C9B9D7D1-2F24-4A10-AA3E-BCAC7ADB1F41}.Release|Any CPU.Build.0 = Release|Any CPU
		{BA72067B-7F44-4C9A-9095-1ACC2594366B}.Debug|Any CPU.ActiveCfg = Debug|Any CPU
		{BA72067B-7F44-4C9A-9095-1ACC2594366B}.Debug|Any CPU.Build.0 = Debug|Any CPU
		{BA72067B-7F44-4C9A-9095-1ACC2594366B}.Release|Any CPU.ActiveCfg = Release|Any CPU
		{BA72067B-7F44-4C9A-9095-1ACC2594366B}.Release|Any CPU.Build.0 = Release|Any CPU
		{13283847-259C-4D24-B2A2-C151F0804627}.Debug|Any CPU.ActiveCfg = Debug|Any CPU
		{13283847-259C-4D24-B2A2-C151F0804627}.Debug|Any CPU.Build.0 = Debug|Any CPU
		{13283847-259C-4D24-B2A2-C151F0804627}.Release|Any CPU.ActiveCfg = Release|Any CPU
		{13283847-259C-4D24-B2A2-C151F0804627}.Release|Any CPU.Build.0 = Release|Any CPU
	EndGlobalSection
	GlobalSection(SolutionProperties) = preSolution
		HideSolutionNode = FALSE
	EndGlobalSection
	GlobalSection(ExtensibilityGlobals) = postSolution
		SolutionGuid = {C889F653-6376-42EA-BD64-02ED1B24198F}
	EndGlobalSection
EndGlobal
